
Microsoft Visual Studio Solution File, Format Version 12.00
# Visual Studio 2013
VisualStudioVersion = 12.0.31101.0
MinimumVisualStudioVersion = 10.0.40219.1
Project("{FAE04EC0-301F-11D3-BF4B-00C04F79EFBC}") = "AdminLTE_MVC", "AdminLTE_MVC\AdminLTE_MVC.csproj", "{00D68DDA-F24C-4FCB-9B71-6B47454EE96D}"
EndProject
Global
	GlobalSection(SolutionConfigurationPlatforms) = preSolution
		Debug|Any CPU = Debug|Any CPU
		Release|Any CPU = Release|Any CPU
	EndGlobalSection
	GlobalSection(ProjectConfigurationPlatforms) = postSolution
		{00D68DDA-F24C-4FCB-9B71-6B47454EE96D}.Debug|Any CPU.ActiveCfg = Debug|Any CPU
		{00D68DDA-F24C-4FCB-9B71-6B47454EE96D}.Debug|Any CPU.Build.0 = Debug|Any CPU
		{00D68DDA-F24C-4FCB-9B71-6B47454EE96D}.Release|Any CPU.ActiveCfg = Release|Any CPU
		{00D68DDA-F24C-4FCB-9B71-6B47454EE96D}.Release|Any CPU.Build.0 = Release|Any CPU
	EndGlobalSection
	GlobalSection(SolutionProperties) = preSolution
		HideSolutionNode = FALSE
	EndGlobalSection
EndGlobal
